
Microsoft Visual Studio Solution File, Format Version 12.00
# Visual Studio Version 16
VisualStudioVersion = 25.0.1704.2
MinimumVisualStudioVersion = 10.0.40219.1
Project("{FAE04EC0-301F-11D3-BF4B-00C04F79EFBC}") = "DummyTextTownhall", "DummyText(A Townhall)\DummyTextTownhall.csproj", "{474E6B49-2601-4763-A65C-423EEE274CFC}"
EndProject
Global
	GlobalSection(SolutionConfigurationPlatforms) = preSolution
		Debug|Any CPU = Debug|Any CPU
		Release|Any CPU = Release|Any CPU
	EndGlobalSection
	GlobalSection(ProjectConfigurationPlatforms) = postSolution
		{474E6B49-2601-4763-A65C-423EEE274CFC}.Debug|Any CPU.ActiveCfg = Debug|Any CPU
		{474E6B49-2601-4763-A65C-423EEE274CFC}.Debug|Any CPU.Build.0 = Debug|Any CPU
		{474E6B49-2601-4763-A65C-423EEE274CFC}.Release|Any CPU.ActiveCfg = Release|Any CPU
		{474E6B49-2601-4763-A65C-423EEE274CFC}.Release|Any CPU.Build.0 = Release|Any CPU
	EndGlobalSection
	GlobalSection(SolutionProperties) = preSolution
		HideSolutionNode = FALSE
	EndGlobalSection
	GlobalSection(ExtensibilityGlobals) = postSolution
		SolutionGuid = {13E39636-380C-4C8B-B17E-C159C39B561B}
	EndGlobalSection
EndGlobal
